// !$*UTF8*$!
{
	archiveVersion = 1;
	classes = {
	};
	objectVersion = 50;
	objects = {

/* Begin PBXBuildFile section */
		363404E720EC700700F19075 /* main.c in Sources */ = {isa = PBXBuildFile; fileRef = 363404E620EC700700F19075 /* main.c */; };
		363404F520EDC6EA00F19075 /* List.c in Sources */ = {isa = PBXBuildFile; fileRef = 363404F420EDC6EA00F19075 /* List.c */; };
		363404F820EE01EB00F19075 /* Node.c in Sources */ = {isa = PBXBuildFile; fileRef = 363404F720EE01EB00F19075 /* Node.c */; };
		363404FB20EF06CA00F19075 /* Stack.c in Sources */ = {isa = PBXBuildFile; fileRef = 363404FA20EF06CA00F19075 /* Stack.c */; };
		3634050120EF5A9800F19075 /* String.c in Sources */ = {isa = PBXBuildFile; fileRef = 3634050020EF5A9800F19075 /* String.c */; };
/* End PBXBuildFile section */

/* Begin PBXCopyFilesBuildPhase section */
		363404E120EC700700F19075 /* CopyFiles */ = {
			isa = PBXCopyFilesBuildPhase;
			buildActionMask = 2147483647;
			dstPath = /usr/share/man/man1/;
			dstSubfolderSpec = 0;
			files = (
			);
			runOnlyForDeploymentPostprocessing = 1;
		};
/* End PBXCopyFilesBuildPhase section */

/* Begin PBXFileReference section */
		363404E320EC700700F19075 /* Data structure */ = {isa = PBXFileReference; explicitFileType = "compiled.mach-o.executable"; includeInIndex = 0; path = "Data structure"; sourceTree = BUILT_PRODUCTS_DIR; };
		363404E620EC700700F19075 /* main.c */ = {isa = PBXFileReference; lastKnownFileType = sourcecode.c.c; path = main.c; sourceTree = "<group>"; };
		363404F320EDC6EA00F19075 /* List.h */ = {isa = PBXFileReference; lastKnownFileType = sourcecode.c.h; path = List.h; sourceTree = "<group>"; };
		363404F420EDC6EA00F19075 /* List.c */ = {isa = PBXFileReference; lastKnownFileType = sourcecode.c.c; path = List.c; sourceTree = "<group>"; };
		363404F620EE01EB00F19075 /* Node.h */ = {isa = PBXFileReference; lastKnownFileType = sourcecode.c.h; path = Node.h; sourceTree = "<group>"; };
		363404F720EE01EB00F19075 /* Node.c */ = {isa = PBXFileReference; lastKnownFileType = sourcecode.c.c; path = Node.c; sourceTree = "<group>"; };
		363404F920EF06CA00F19075 /* Stack.h */ = {isa = PBXFileReference; lastKnownFileType = sourcecode.c.h; path = Stack.h; sourceTree = "<group>"; };
		363404FA20EF06CA00F19075 /* Stack.c */ = {isa = PBXFileReference; lastKnownFileType = sourcecode.c.c; path = Stack.c; sourceTree = "<group>"; };
		363404FF20EF5A9800F19075 /* String.h */ = {isa = PBXFileReference; lastKnownFileType = sourcecode.c.h; path = String.h; sourceTree = "<group>"; };
		3634050020EF5A9800F19075 /* String.c */ = {isa = PBXFileReference; lastKnownFileType = sourcecode.c.c; path = String.c; sourceTree = "<group>"; };
/* End PBXFileReference section */

/* Begin PBXFrameworksBuildPhase section */
		363404E020EC700700F19075 /* Frameworks */ = {
			isa = PBXFrameworksBuildPhase;
			buildActionMask = 2147483647;
			files = (
			);
			runOnlyForDeploymentPostprocessing = 0;
		};
/* End PBXFrameworksBuildPhase section */

/* Begin PBXGroup section */
		363404DA20EC700700F19075 = {
			isa = PBXGroup;
			children = (
				363404E520EC700700F19075 /* Data structure */,
				363404E420EC700700F19075 /* Products */,
			);
			sourceTree = "<group>";
		};
		363404E420EC700700F19075 /* Products */ = {
			isa = PBXGroup;
			children = (
				363404E320EC700700F19075 /* Data structure */,
			);
			name = Products;
			sourceTree = "<group>";
		};
		363404E520EC700700F19075 /* Data structure */ = {
			isa = PBXGroup;
			children = (
				363404E620EC700700F19075 /* main.c */,
				363404F320EDC6EA00F19075 /* List.h */,
				363404F420EDC6EA00F19075 /* List.c */,
				363404F620EE01EB00F19075 /* Node.h */,
				363404F720EE01EB00F19075 /* Node.c */,
				363404F920EF06CA00F19075 /* Stack.h */,
				363404FA20EF06CA00F19075 /* Stack.c */,
				363404FF20EF5A9800F19075 /* String.h */,
				3634050020EF5A9800F19075 /* String.c */,
			);
			path = "Data structure";
			sourceTree = "<group>";
		};
/* End PBXGroup section */

/* Begin PBXNativeTarget section */
		363404E220EC700700F19075 /* Data structure */ = {
			isa = PBXNativeTarget;
			buildConfigurationList = 363404EA20EC700700F19075 /* Build configuration list for PBXNativeTarget "Data structure" */;
			buildPhases = (
				363404DF20EC700700F19075 /* Sources */,
				363404E020EC700700F19075 /* Frameworks */,
				363404E120EC700700F19075 /* CopyFiles */,
			);
			buildRules = (
			);
			dependencies = (
			);
			name = "Data structure";
			productName = "Data structure";
			productReference = 363404E320EC700700F19075 /* Data structure */;
			productType = "com.apple.product-type.tool";
		};
/* End PBXNativeTarget section */

/* Begin PBXProject section */
		363404DB20EC700700F19075 /* Project object */ = {
			isa = PBXProject;
			attributes = {
				LastUpgradeCheck = 0940;
				ORGANIZATIONNAME = yfm;
				TargetAttributes = {
					363404E220EC700700F19075 = {
						CreatedOnToolsVersion = 9.4.1;
					};
				};
			};
			buildConfigurationList = 363404DE20EC700700F19075 /* Build configuration list for PBXProject "Data structure" */;
			compatibilityVersion = "Xcode 9.3";
			developmentRegion = en;
			hasScannedForEncodings = 0;
			knownRegions = (
				en,
			);
			mainGroup = 363404DA20EC700700F19075;
			productRefGroup = 363404E420EC700700F19075 /* Products */;
			projectDirPath = "";
			projectRoot = "";
			targets = (
				363404E220EC700700F19075 /* Data structure */,
			);
		};
/* End PBXProject section */

/* Begin PBXSourcesBuildPhase section */
		363404DF20EC700700F19075 /* Sources */ = {
			isa = PBXSourcesBuildPhase;
			buildActionMask = 2147483647;
			files = (
				363404F820EE01EB00F19075 /* Node.c in Sources */,
				363404E720EC700700F19075 /* main.c in Sources */,
				363404FB20EF06CA00F19075 /* Stack.c in Sources */,
				3634050120EF5A9800F19075 /* String.c in Sources */,
				363404F520EDC6EA00F19075 /* List.c in Sources */,
			);
			runOnlyForDeploymentPostprocessing = 0;
		};
/* End PBXSourcesBuildPhase section */

/* Begin XCBuildConfiguration section */
		363404E820EC700700F19075 /* Debug */ = {
			isa = XCBuildConfiguration;
			buildSettings = {
				ALWAYS_SEARCH_USER_PATHS = NO;
				CLANG_ANALYZER_NONNULL = YES;
				CLANG_ANALYZER_NUMBER_OBJECT_CONVERSION = YES_AGGRESSIVE;
				CLANG_CXX_LANGUAGE_STANDARD = "gnu++14";
				CLANG_CXX_LIBRARY = "libc++";
				CLANG_ENABLE_MODULES = YES;
				CLANG_ENABLE_OBJC_ARC = YES;
				CLANG_ENABLE_OBJC_WEAK = YES;
				CLANG_WARN_BLOCK_CAPTURE_AUTORELEASING = YES;
				CLANG_WARN_BOOL_CONVERSION = YES;
				CLANG_WARN_COMMA = YES;
				CLANG_WARN_CONSTANT_CONVERSION = YES;
				CLANG_WARN_DEPRECATED_OBJC_IMPLEMENTATIONS = YES;
				CLANG_WARN_DIRECT_OBJC_ISA_USAGE = YES_ERROR;
				CLANG_WARN_DOCUMENTATION_COMMENTS = YES;
				CLANG_WARN_EMPTY_BODY = YES;
				CLANG_WARN_ENUM_CONVERSION = YES;
				CLANG_WARN_INFINITE_RECURSION = YES;
				CLANG_WARN_INT_CONVERSION = YES;
				CLANG_WARN_NON_LITERAL_NULL_CONVERSION = YES;
				CLANG_WARN_OBJC_IMPLICIT_RETAIN_SELF = YES;
				CLANG_WARN_OBJC_LITERAL_CONVERSION = YES;
				CLANG_WARN_OBJC_ROOT_CLASS = YES_ERROR;
				CLANG_WARN_RANGE_LOOP_ANALYSIS = YES;
				CLANG_WARN_STRICT_PROTOTYPES = YES;
				CLANG_WARN_SUSPICIOUS_MOVE = YES;
				CLANG_WARN_UNGUARDED_AVAILABILITY = YES_AGGRESSIVE;
				CLANG_WARN_UNREACHABLE_CODE = YES;
				CLANG_WARN__DUPLICATE_METHOD_MATCH = YES;
				CODE_SIGN_IDENTITY = "Mac Developer";
				COPY_PHASE_STRIP = NO;
				DEBUG_INFORMATION_FORMAT = dwarf;
				ENABLE_STRICT_OBJC_MSGSEND = YES;
				ENABLE_TESTABILITY = YES;
				GCC_C_LANGUAGE_STANDARD = gnu11;
				GCC_DYNAMIC_NO_PIC = NO;
				GCC_NO_COMMON_BLOCKS = YES;
				GCC_OPTIMIZATION_LEVEL = 0;
				GCC_PREPROCESSOR_DEFINITIONS = (
					"DEBUG=1",
					"$(inherited)",
				);
				GCC_WARN_64_TO_32_BIT_CONVERSION = YES;
				GCC_WARN_ABOUT_RETURN_TYPE = YES_ERROR;
				GCC_WARN_UNDECLARED_SELECTOR = YES;
				GCC_WARN_UNINITIALIZED_AUTOS = YES_AGGRESSIVE;
				GCC_WARN_UNUSED_FUNCTION = YES;
				GCC_WARN_UNUSED_VARIABLE = YES;
				MACOSX_DEPLOYMENT_TARGET = 10.13;
				MTL_ENABLE_DEBUG_INFO = YES;
				ONLY_ACTIVE_ARCH = YES;
				SDKROOT = macosx;
			};
			name = Debug;
		};
		363404E920EC700700F19075 /* Release */ = {
			isa = XCBuildConfiguration;
			buildSettings = {
				ALWAYS_SEARCH_USER_PATHS = NO;
				CLANG_ANALYZER_NONNULL = YES;
				CLANG_ANALYZER_NUMBER_OBJECT_CONVERSION = YES_AGGRESSIVE;
				CLANG_CXX_LANGUAGE_STANDARD = "gnu++14";
				CLANG_CXX_LIBRARY = "libc++";
				CLANG_ENABLE_MODULES = YES;
				CLANG_ENABLE_OBJC_ARC = YES;
				CLANG_ENABLE_OBJC_WEAK = YES;
				CLANG_WARN_BLOCK_CAPTURE_AUTORELEASING = YES;
				CLANG_WARN_BOOL_CONVERSION = YES;
				CLANG_WARN_COMMA = YES;
				CLANG_WARN_CONSTANT_CONVERSION = YES;
				CLANG_WARN_DEPRECATED_OBJC_IMPLEMENTATIONS = YES;
				CLANG_WARN_DIRECT_OBJC_ISA_USAGE = YES_ERROR;
				CLANG_WARN_DOCUMENTATION_COMMENTS = YES;
				CLANG_WARN_EMPTY_BODY = YES;
				CLANG_WARN_ENUM_CONVERSION = YES;
				CLANG_WARN_INFINITE_RECURSION = YES;
				CLANG_WARN_INT_CONVERSION = YES;
				CLANG_WARN_NON_LITERAL_NULL_CONVERSION = YES;
				CLANG_WARN_OBJC_IMPLICIT_RETAIN_SELF = YES;
				CLANG_WARN_OBJC_LITERAL_CONVERSION = YES;
				CLANG_WARN_OBJC_ROOT_CLASS = YES_ERROR;
				CLANG_WARN_RANGE_LOOP_ANALYSIS = YES;
				CLANG_WARN_STRICT_PROTOTYPES = YES;
				CLANG_WARN_SUSPICIOUS_MOVE = YES;
				CLANG_WARN_UNGUARDED_AVAILABILITY = YES_AGGRESSIVE;
				CLANG_WARN_UNREACHABLE_CODE = YES;
				CLANG_WARN__DUPLICATE_METHOD_MATCH = YES;
				CODE_SIGN_IDENTITY = "Mac Developer";
				COPY_PHASE_STRIP = NO;
				DEBUG_INFORMATION_FORMAT = "dwarf-with-dsym";
				ENABLE_NS_ASSERTIONS = NO;
				ENABLE_STRICT_OBJC_MSGSEND = YES;
				GCC_C_LANGUAGE_STANDARD = gnu11;
				GCC_NO_COMMON_BLOCKS = YES;
				GCC_WARN_64_TO_32_BIT_CONVERSION = YES;
				GCC_WARN_ABOUT_RETURN_TYPE = YES_ERROR;
				GCC_WARN_UNDECLARED_SELECTOR = YES;
				GCC_WARN_UNINITIALIZED_AUTOS = YES_AGGRESSIVE;
				GCC_WARN_UNUSED_FUNCTION = YES;
				GCC_WARN_UNUSED_VARIABLE = YES;
				MACOSX_DEPLOYMENT_TARGET = 10.13;
				MTL_ENABLE_DEBUG_INFO = NO;
				SDKROOT = macosx;
			};
			name = Release;
		};
		363404EB20EC700700F19075 /* Debug */ = {
			isa = XCBuildConfiguration;
			buildSettings = {
				CODE_SIGN_STYLE = Automatic;
				DEVELOPMENT_TEAM = 464SP5UW8T;
				PRODUCT_NAME = "$(TARGET_NAME)";
			};
			name = Debug;
		};
		363404EC20EC700700F19075 /* Release */ = {
			isa = XCBuildConfiguration;
			buildSettings = {
				CODE_SIGN_STYLE = Automatic;
				DEVELOPMENT_TEAM = 464SP5UW8T;
				PRODUCT_NAME = "$(TARGET_NAME)";
			};
			name = Release;
		};
/* End XCBuildConfiguration section */

/* Begin XCConfigurationList section */
		363404DE20EC700700F19075 /* Build configuration list for PBXProject "Data structure" */ = {
			isa = XCConfigurationList;
			buildConfigurations = (
				363404E820EC700700F19075 /* Debug */,
				363404E920EC700700F19075 /* Release */,
			);
			defaultConfigurationIsVisible = 0;
			defaultConfigurationName = Release;
		};
		363404EA20EC700700F19075 /* Build configuration list for PBXNativeTarget "Data structure" */ = {
			isa = XCConfigurationList;
			buildConfigurations = (
				363404EB20EC700700F19075 /* Debug */,
				363404EC20EC700700F19075 /* Release */,
			);
			defaultConfigurationIsVisible = 0;
			defaultConfigurationName = Release;
		};
/* End XCConfigurationList section */
	};
	rootObject = 363404DB20EC700700F19075 /* Project object */;
}
